PODS:
  - Alamofire (5.10.2)
  - Capacitor (7.0.1):
    - CapacitorCordova
  - CapacitorApp (7.0.0):
    - Capacitor
  - CapacitorCordova (7.0.1)
  - CapacitorDevice (7.0.0):
    - Capacitor
  - CapacitorFilesystem (7.0.0):
    - Capacitor
  - CapacitorPreferences (7.0.0):
    - Capacitor
  - CapgoCapacitorUpdater (7.0.32):
    - Alamofire (= 5.10.2)
    - Capacitor
    - SSZipArchive (= 2.4.3)
    - Version (= 0.8.0)
  - SSZipArchive (2.4.3)
  - Version (0.8.0)

DEPENDENCIES:
  - "Capacitor (from `../../node_modules/@capacitor/ios`)"
  - "CapacitorApp (from `../../node_modules/@capacitor/app`)"
  - "CapacitorCordova (from `../../node_modules/@capacitor/ios`)"
  - "CapacitorDevice (from `../../node_modules/@capacitor/device`)"
  - "CapacitorFilesystem (from `../../node_modules/@capacitor/filesystem`)"
  - "CapacitorPreferences (from `../../node_modules/@capacitor/preferences`)"
  - "CapgoCapacitorUpdater (from `../../node_modules/@capgo/capacitor-updater`)"

SPEC REPOS:
  trunk:
    - Alamofire
    - SSZipArchive
    - Version

EXTERNAL SOURCES:
  Capacitor:
    :path: "../../node_modules/@capacitor/ios"
  CapacitorApp:
    :path: "../../node_modules/@capacitor/app"
  CapacitorCordova:
    :path: "../../node_modules/@capacitor/ios"
  CapacitorDevice:
    :path: "../../node_modules/@capacitor/device"
  CapacitorFilesystem:
    :path: "../../node_modules/@capacitor/filesystem"
  CapacitorPreferences:
    :path: "../../node_modules/@capacitor/preferences"
  CapgoCapacitorUpdater:
    :path: "../../node_modules/@capgo/capacitor-updater"

SPEC CHECKSUMS:
  Alamofire: 7193b3b92c74a07f85569e1a6c4f4237291e7496
  Capacitor: 23fff43571a4d1e3ee7d67b5a3588c6e757c2913
  CapacitorApp: 45cb7cbef4aa380b9236fd6980033eb5cde6fcd2
  CapacitorCordova: 63d476958d5022d76f197031e8b7ea3519988c64
  CapacitorDevice: 62066b65e148a133df7b8c5bf972ba835b329748
  CapacitorFilesystem: 2881ad012b5c8d0ffbfed1216aadfc2cca16d5b5
  CapacitorPreferences: e24a50a936f0e4f54a6b43be6121f923b4d91c27
  CapgoCapacitorUpdater: 43520f08ad904dfd7018e91bc492fc8b13da394a
  SSZipArchive: fe6a26b2a54d5a0890f2567b5cc6de5caa600aef
  Version: de5907f2c5d0f3cf21708db7801d1d5401139486

PODFILE CHECKSUM: ed708fe4964a3aa3e71b54c254c4b5e10836493a

COCOAPODS: 1.16.2
